
Microsoft Visual Studio Solution File, Format Version 10.00
# Visual Studio 2008
Project("{FAE04EC0-301F-11D3-BF4B-00C04F79EFBC}") = "TCPIPSocketClient", "TCPIPSocketClient\TCPIPSocketClient.csproj", "{DCDA5F08-E068-466B-9515-4C405C139305}"
EndProject
Global
	GlobalSection(SolutionConfigurationPlatforms) = preSolution
		Debug|Any CPU = Debug|Any CPU
		Release|Any CPU = Release|Any CPU
	EndGlobalSection
	GlobalSection(ProjectConfigurationPlatforms) = postSolution
		{DCDA5F08-E068-466B-9515-4C405C139305}.Debug|Any CPU.ActiveCfg = Debug|Any CPU
		{DCDA5F08-E068-466B-9515-4C405C139305}.Debug|Any CPU.Build.0 = Debug|Any CPU
		{DCDA5F08-E068-466B-9515-4C405C139305}.Release|Any CPU.ActiveCfg = Release|Any CPU
		{DCDA5F08-E068-466B-9515-4C405C139305}.Release|Any CPU.Build.0 = Release|Any CPU
	EndGlobalSection
	GlobalSection(SolutionProperties) = preSolution
		HideSolutionNode = FALSE
	EndGlobalSection
EndGlobal
